
Microsoft Visual Studio Solution File, Format Version 12.00
# Visual Studio Version 17
VisualStudioVersion = 17.0.31903.59
MinimumVisualStudioVersion = 10.0.40219.1
Project("{FAE04EC0-301F-11D3-BF4B-00C04F79EFBC}") = "HFP's APPID Finder", "HFP's APPID Finder.csproj", "{AFF7E9DC-0054-4347-8037-23C2EFF2367B}"
EndProject
Project("{2150E333-8FDC-42A3-9474-1A3956D46DE8}") = "Solution Items", "Solution Items", "{27A90D94-AFA6-4446-BCD9-4C13964C61B1}"
EndProject
Global
	GlobalSection(SolutionConfigurationPlatforms) = preSolution
		Debug|Any CPU = Debug|Any CPU
		Release|Any CPU = Release|Any CPU
	EndGlobalSection
	GlobalSection(ProjectConfigurationPlatforms) = postSolution
		{AFF7E9DC-0054-4347-8037-23C2EFF2367B}.Debug|Any CPU.ActiveCfg = Debug|Any CPU
		{AFF7E9DC-0054-4347-8037-23C2EFF2367B}.Debug|Any CPU.Build.0 = Debug|Any CPU
		{AFF7E9DC-0054-4347-8037-23C2EFF2367B}.Release|Any CPU.ActiveCfg = Release|Any CPU
		{AFF7E9DC-0054-4347-8037-23C2EFF2367B}.Release|Any CPU.Build.0 = Release|Any CPU
	EndGlobalSection
	GlobalSection(SolutionProperties) = preSolution
		HideSolutionNode = FALSE
	EndGlobalSection
	GlobalSection(ExtensibilityGlobals) = postSolution
		SolutionGuid = {E13BD55E-609B-474D-9E81-FAF8F370356F}
	EndGlobalSection
EndGlobal
